
Microsoft Visual Studio Solution File, Format Version 12.00
# Visual Studio 15
VisualStudioVersion = 15.0.27130.2010
MinimumVisualStudioVersion = 10.0.40219.1
Project("{FAE04EC0-301F-11D3-BF4B-00C04F79EFBC}") = "Web", "Web\Web.csproj", "{D31113CF-2AB6-4740-BF1D-3E0C4B125732}"
EndProject
Project("{FAE04EC0-301F-11D3-BF4B-00C04F79EFBC}") = "UnitTest", "UnitTestPersona\UnitTest.csproj", "{798FBF28-B1E1-47BD-A97D-4DCDC68CD58F}"
EndProject
Project("{FAE04EC0-301F-11D3-BF4B-00C04F79EFBC}") = "UnitTest2", "UnitTestProject4\UnitTest2.csproj", "{F540D8B5-CB23-4F85-B1C0-E5B4182BFA83}"
EndProject
Project("{FAE04EC0-301F-11D3-BF4B-00C04F79EFBC}") = "UnitTest3", "UnitTest3\UnitTest3.csproj", "{75515000-117F-4E22-899C-311CF8C66BC2}"
EndProject
Global
	GlobalSection(SolutionConfigurationPlatforms) = preSolution
		Debug|Any CPU = Debug|Any CPU
		Release|Any CPU = Release|Any CPU
	EndGlobalSection
	GlobalSection(ProjectConfigurationPlatforms) = postSolution
		{D31113CF-2AB6-4740-BF1D-3E0C4B125732}.Debug|Any CPU.ActiveCfg = Debug|Any CPU
		{D31113CF-2AB6-4740-BF1D-3E0C4B125732}.Debug|Any CPU.Build.0 = Debug|Any CPU
		{D31113CF-2AB6-4740-BF1D-3E0C4B125732}.Release|Any CPU.ActiveCfg = Release|Any CPU
		{D31113CF-2AB6-4740-BF1D-3E0C4B125732}.Release|Any CPU.Build.0 = Release|Any CPU
		{798FBF28-B1E1-47BD-A97D-4DCDC68CD58F}.Debug|Any CPU.ActiveCfg = Debug|Any CPU
		{798FBF28-B1E1-47BD-A97D-4DCDC68CD58F}.Debug|Any CPU.Build.0 = Debug|Any CPU
		{798FBF28-B1E1-47BD-A97D-4DCDC68CD58F}.Release|Any CPU.ActiveCfg = Release|Any CPU
		{798FBF28-B1E1-47BD-A97D-4DCDC68CD58F}.Release|Any CPU.Build.0 = Release|Any CPU
		{F540D8B5-CB23-4F85-B1C0-E5B4182BFA83}.Debug|Any CPU.ActiveCfg = Debug|Any CPU
		{F540D8B5-CB23-4F85-B1C0-E5B4182BFA83}.Debug|Any CPU.Build.0 = Debug|Any CPU
		{F540D8B5-CB23-4F85-B1C0-E5B4182BFA83}.Release|Any CPU.ActiveCfg = Release|Any CPU
		{F540D8B5-CB23-4F85-B1C0-E5B4182BFA83}.Release|Any CPU.Build.0 = Release|Any CPU
		{75515000-117F-4E22-899C-311CF8C66BC2}.Debug|Any CPU.ActiveCfg = Debug|Any CPU
		{75515000-117F-4E22-899C-311CF8C66BC2}.Debug|Any CPU.Build.0 = Debug|Any CPU
		{75515000-117F-4E22-899C-311CF8C66BC2}.Release|Any CPU.ActiveCfg = Release|Any CPU
		{75515000-117F-4E22-899C-311CF8C66BC2}.Release|Any CPU.Build.0 = Release|Any CPU
	EndGlobalSection
	GlobalSection(SolutionProperties) = preSolution
		HideSolutionNode = FALSE
	EndGlobalSection
	GlobalSection(ExtensibilityGlobals) = postSolution
		SolutionGuid = {4EE54086-091C-4C90-A7E1-92A9E8CAB003}
	EndGlobalSection
EndGlobal
